# THIS IS AN AUTOGENERATED FILE. DO NOT EDIT THIS FILE DIRECTLY.
# yarn lockfile v1


"@r-wasm/webr@^0.1.1":
  version "0.1.1"
  resolved "https://registry.yarnpkg.com/@r-wasm/webr/-/webr-0.1.1.tgz#92188ade08be8ec42f1dfd7c01fa5b4a951ca15a"
  integrity sha512-3qvck7jjsprjB87VoIADLKW290mkPG7EuevezutrzC8FO8slLgtPE3MlqPm8lojRmt8fLwAhBbtwhK+Asg730g==
  dependencies:
    "@types/emscripten" "^1.39.6"
    jquery "^3.6.0"
    jstree "^3.3.12"
    xmlhttprequest-ssl "^2.1.0"
    xterm "^5.1.0"
    xterm-addon-fit "^0.7.0"
    xterm-readline "^1.1.1"

"@types/emscripten@^1.39.6":
  version "1.39.7"
  resolved "https://registry.yarnpkg.com/@types/emscripten/-/emscripten-1.39.7.tgz#3025183ea56e12bf4d096aadc48ce74ca051233d"
  integrity sha512-tLqYV94vuqDrXh515F/FOGtBcRMTPGvVV1LzLbtYDcQmmhtpf/gLYf+hikBbQk8MzOHNz37wpFfJbYAuSn8HqA==

ansi-regex@^5.0.1:
  version "5.0.1"
  resolved "https://registry.yarnpkg.com/ansi-regex/-/ansi-regex-5.0.1.tgz#082cb2c89c9fe8659a311a53bd6a4dc5301db304"
  integrity sha512-quJQXlTSUGL2LH9SUXo8VwsY4soanhgo6LNSm84E1LBcE8s3O0wpdiRzyR9z/ZZJMlMWv37qOOb9pdJlMUEKFQ==

emoji-regex@^8.0.0:
  version "8.0.0"
  resolved "https://registry.yarnpkg.com/emoji-regex/-/emoji-regex-8.0.0.tgz#e818fd69ce5ccfcb404594f842963bf53164cc37"
  integrity sha512-MSjYzcWNOA0ewAHpz0MxpYFvwg6yjy1NG3xteoqz644VCo/RPgnr1/GGt+ic3iJTzQ8Eu3TdM14SawnVUmGE6A==

is-fullwidth-code-point@^3.0.0:
  version "3.0.0"
  resolved "https://registry.yarnpkg.com/is-fullwidth-code-point/-/is-fullwidth-code-point-3.0.0.tgz#f116f8064fe90b3f7844a38997c0b75051269f1d"
  integrity sha512-zymm5+u+sCsSWyD9qNaejV3DFvhCKclKdizYaJUuHA83RLjb7nSuGnddCHGv0hk+KY7BMAlsWeK4Ueg6EV6XQg==

jquery@^3.5.0, jquery@^3.6.0:
  version "3.7.0"
  resolved "https://registry.yarnpkg.com/jquery/-/jquery-3.7.0.tgz#fe2c01a05da500709006d8790fe21c8a39d75612"
  integrity sha512-umpJ0/k8X0MvD1ds0P9SfowREz2LenHsQaxSohMZ5OMNEU2r0tf8pdeEFTHMFxWVxKNyU9rTtK3CWzUCTKJUeQ==

jstree@^3.3.12:
  version "3.3.15"
  resolved "https://registry.yarnpkg.com/jstree/-/jstree-3.3.15.tgz#364bfa0fc4c0b1b7b5bc122cda44a0f09e59eba4"
  integrity sha512-fNK2EBgGjaJQ3cJuINX/80vDeAufYWtM0csudgYl3eJG+eRAH/1r1IJVUOvAlJIa+uSgg+Fi8uGrt+Xbs92eKg==
  dependencies:
    jquery "^3.5.0"

string-width@^4.0.0:
  version "4.2.3"
  resolved "https://registry.yarnpkg.com/string-width/-/string-width-4.2.3.tgz#269c7117d27b05ad2e536830a8ec895ef9c6d010"
  integrity sha512-wKyQRQpjJ0sIp62ErSZdGsjMJWsap5oRNihHhu6G7JVO/9jIB6UyevL+tXuOqrng8j/cxKTWyWUwvSTriiZz/g==
  dependencies:
    emoji-regex "^8.0.0"
    is-fullwidth-code-point "^3.0.0"
    strip-ansi "^6.0.1"

strip-ansi@^6.0.1:
  version "6.0.1"
  resolved "https://registry.yarnpkg.com/strip-ansi/-/strip-ansi-6.0.1.tgz#9e26c63d30f53443e9489495b2105d37b67a85d9"
  integrity sha512-Y38VPSHcqkFrCpFnQ9vuSXmquuv5oXOKpGeT6aGrr3o3Gc9AlVa6JBfUSOCnbxGGZF+/0ooI7KrPuUSztUdU5A==
  dependencies:
    ansi-regex "^5.0.1"

xmlhttprequest-ssl@^2.1.0:
  version "2.1.1"
  resolved "https://registry.yarnpkg.com/xmlhttprequest-ssl/-/xmlhttprequest-ssl-2.1.1.tgz#0d045c3b2babad8e7db1af5af093f5d0d60df99a"
  integrity sha512-ptjR8YSJIXoA3Mbv5po7RtSYHO6mZr8s7i5VGmEk7QY2pQWyT1o0N+W1gKbOyJPUCGXGnuw0wqe8f0L6Y0ny7g==

xterm-addon-fit@^0.7.0:
  version "0.7.0"
  resolved "https://registry.yarnpkg.com/xterm-addon-fit/-/xterm-addon-fit-0.7.0.tgz#b8ade6d96e63b47443862088f6670b49fb752c6a"
  integrity sha512-tQgHGoHqRTgeROPnvmtEJywLKoC/V9eNs4bLLz7iyJr1aW/QFzRwfd3MGiJ6odJd9xEfxcW36/xRU47JkD5NKQ==

xterm-readline@^1.1.1:
  version "1.1.1"
  resolved "https://registry.yarnpkg.com/xterm-readline/-/xterm-readline-1.1.1.tgz#781dacf883283cfec1a7845fae50beba3716aa04"
  integrity sha512-f87S2/jKwRZoZTxE2vkPgBCipDl6k6tTkMTb9pmwC4R6XkfR491fWBuToZd/nZasp6seD2u0jdABinUDWsK6dw==
  dependencies:
    string-width "^4.0.0"

xterm@^5.1.0, xterm@^5.2.1:
  version "5.2.1"
  resolved "https://registry.yarnpkg.com/xterm/-/xterm-5.2.1.tgz#b3fea7bdb55b9be1d4b31f4cd1091f26ac42afb8"
  integrity sha512-cs5Y1fFevgcdoh2hJROMVIWwoBHD80P1fIP79gopLHJIE4kTzzblanoivxTiQ4+92YM9IxS36H1q0MxIJXQBcA==
